
Microsoft Visual Studio Solution File, Format Version 12.00
# Visual Studio Version 16
VisualStudioVersion = 16.0.29728.190
MinimumVisualStudioVersion = 10.0.40219.1
Project("{9A19103F-16F7-4668-BE54-9A1E7A4F7556}") = "ImdbBackend", "ImdbBackend.csproj", "{9F43E58A-04F2-42C5-8FB2-F4C37D72C917}"
EndProject
Project("{9A19103F-16F7-4668-BE54-9A1E7A4F7556}") = "DataAccessLibrary", "..\DataAccessLibrary\DataAccessLibrary.csproj", "{EE69C27E-8BED-4ADE-8284-EF2DE60D4341}"
EndProject
Project("{FAE04EC0-301F-11D3-BF4B-00C04F79EFBC}") = "ImdbBackEnd.Tests", "..\ImdbBackEnd.Tests\ImdbBackEnd.Tests.csproj", "{536513D6-4F22-4395-B500-723EE62F1E7D}"
EndProject
Global
	GlobalSection(SolutionConfigurationPlatforms) = preSolution
		Debug|Any CPU = Debug|Any CPU
		Release|Any CPU = Release|Any CPU
	EndGlobalSection
	GlobalSection(ProjectConfigurationPlatforms) = postSolution
		{9F43E58A-04F2-42C5-8FB2-F4C37D72C917}.Debug|Any CPU.ActiveCfg = Debug|Any CPU
		{9F43E58A-04F2-42C5-8FB2-F4C37D72C917}.Debug|Any CPU.Build.0 = Debug|Any CPU
		{9F43E58A-04F2-42C5-8FB2-F4C37D72C917}.Release|Any CPU.ActiveCfg = Release|Any CPU
		{9F43E58A-04F2-42C5-8FB2-F4C37D72C917}.Release|Any CPU.Build.0 = Release|Any CPU
		{EE69C27E-8BED-4ADE-8284-EF2DE60D4341}.Debug|Any CPU.ActiveCfg = Debug|Any CPU
		{EE69C27E-8BED-4ADE-8284-EF2DE60D4341}.Debug|Any CPU.Build.0 = Debug|Any CPU
		{EE69C27E-8BED-4ADE-8284-EF2DE60D4341}.Release|Any CPU.ActiveCfg = Release|Any CPU
		{EE69C27E-8BED-4ADE-8284-EF2DE60D4341}.Release|Any CPU.Build.0 = Release|Any CPU
		{536513D6-4F22-4395-B500-723EE62F1E7D}.Debug|Any CPU.ActiveCfg = Debug|Any CPU
		{536513D6-4F22-4395-B500-723EE62F1E7D}.Debug|Any CPU.Build.0 = Debug|Any CPU
		{536513D6-4F22-4395-B500-723EE62F1E7D}.Release|Any CPU.ActiveCfg = Release|Any CPU
		{536513D6-4F22-4395-B500-723EE62F1E7D}.Release|Any CPU.Build.0 = Release|Any CPU
	EndGlobalSection
	GlobalSection(SolutionProperties) = preSolution
		HideSolutionNode = FALSE
	EndGlobalSection
	GlobalSection(ExtensibilityGlobals) = postSolution
		SolutionGuid = {02C1213B-F6A1-495C-8530-1822AA1EF4D4}
	EndGlobalSection
EndGlobal
